
Microsoft Visual Studio Solution File, Format Version 12.00
# Visual Studio 14
VisualStudioVersion = 14.0.25420.1
MinimumVisualStudioVersion = 10.0.40219.1
Project("{FAE04EC0-301F-11D3-BF4B-00C04F79EFBC}") = "SASSMMS.ApplicationService", "SASSMMS.ApplicationService\SASSMMS.ApplicationService.csproj", "{9EFAAD08-8AEC-4E6F-996C-E2778D4B45E1}"
EndProject
Project("{FAE04EC0-301F-11D3-BF4B-00C04F79EFBC}") = "SASSMMS.Domain", "SASSMMS.Domain\SASSMMS.Domain.csproj", "{6D2AF112-42A0-4B6F-9AFC-292239C89D8C}"
EndProject
Project("{FAE04EC0-301F-11D3-BF4B-00C04F79EFBC}") = "SASSMMS.Repository", "SASSMMS.Repository\SASSMMS.Repository.csproj", "{F6BBDBAC-A03A-4CBB-84AB-A6FF806E08CA}"
EndProject
Project("{FAE04EC0-301F-11D3-BF4B-00C04F79EFBC}") = "SASSMMS.WebAPI", "SASSMMS.WebAPI\SASSMMS.WebAPI.csproj", "{C0F60EED-BD81-40FE-8D76-9F8605E16256}"
EndProject
Global
	GlobalSection(SolutionConfigurationPlatforms) = preSolution
		Debug|Any CPU = Debug|Any CPU
		Release|Any CPU = Release|Any CPU
	EndGlobalSection
	GlobalSection(ProjectConfigurationPlatforms) = postSolution
		{9EFAAD08-8AEC-4E6F-996C-E2778D4B45E1}.Debug|Any CPU.ActiveCfg = Debug|Any CPU
		{9EFAAD08-8AEC-4E6F-996C-E2778D4B45E1}.Debug|Any CPU.Build.0 = Debug|Any CPU
		{9EFAAD08-8AEC-4E6F-996C-E2778D4B45E1}.Release|Any CPU.ActiveCfg = Release|Any CPU
		{9EFAAD08-8AEC-4E6F-996C-E2778D4B45E1}.Release|Any CPU.Build.0 = Release|Any CPU
		{6D2AF112-42A0-4B6F-9AFC-292239C89D8C}.Debug|Any CPU.ActiveCfg = Debug|Any CPU
		{6D2AF112-42A0-4B6F-9AFC-292239C89D8C}.Debug|Any CPU.Build.0 = Debug|Any CPU
		{6D2AF112-42A0-4B6F-9AFC-292239C89D8C}.Release|Any CPU.ActiveCfg = Release|Any CPU
		{6D2AF112-42A0-4B6F-9AFC-292239C89D8C}.Release|Any CPU.Build.0 = Release|Any CPU
		{F6BBDBAC-A03A-4CBB-84AB-A6FF806E08CA}.Debug|Any CPU.ActiveCfg = Debug|Any CPU
		{F6BBDBAC-A03A-4CBB-84AB-A6FF806E08CA}.Debug|Any CPU.Build.0 = Debug|Any CPU
		{F6BBDBAC-A03A-4CBB-84AB-A6FF806E08CA}.Release|Any CPU.ActiveCfg = Release|Any CPU
		{F6BBDBAC-A03A-4CBB-84AB-A6FF806E08CA}.Release|Any CPU.Build.0 = Release|Any CPU
		{C0F60EED-BD81-40FE-8D76-9F8605E16256}.Debug|Any CPU.ActiveCfg = Debug|Any CPU
		{C0F60EED-BD81-40FE-8D76-9F8605E16256}.Debug|Any CPU.Build.0 = Debug|Any CPU
		{C0F60EED-BD81-40FE-8D76-9F8605E16256}.Release|Any CPU.ActiveCfg = Release|Any CPU
		{C0F60EED-BD81-40FE-8D76-9F8605E16256}.Release|Any CPU.Build.0 = Release|Any CPU
	EndGlobalSection
	GlobalSection(SolutionProperties) = preSolution
		HideSolutionNode = FALSE
	EndGlobalSection
EndGlobal
